
Microsoft Visual Studio Solution File, Format Version 12.00
# Visual Studio 15
VisualStudioVersion = 15.0.28010.2050
MinimumVisualStudioVersion = 10.0.40219.1
Project("{9A19103F-16F7-4668-BE54-9A1E7A4F7556}") = "ALM Inlamning1", "ALM Inlamning1\ALM Inlamning1.csproj", "{05C49AFF-6F94-43BB-85F9-26B2F331C68C}"
EndProject
Project("{FAE04EC0-301F-11D3-BF4B-00C04F79EFBC}") = "xUnitTestBank", "xUnitTestBank\xUnitTestBank.csproj", "{431C6855-2158-47F3-A399-68BD967EFA67}"
EndProject
Global
	GlobalSection(SolutionConfigurationPlatforms) = preSolution
		Debug|Any CPU = Debug|Any CPU
		Release|Any CPU = Release|Any CPU
	EndGlobalSection
	GlobalSection(ProjectConfigurationPlatforms) = postSolution
		{05C49AFF-6F94-43BB-85F9-26B2F331C68C}.Debug|Any CPU.ActiveCfg = Debug|Any CPU
		{05C49AFF-6F94-43BB-85F9-26B2F331C68C}.Debug|Any CPU.Build.0 = Debug|Any CPU
		{05C49AFF-6F94-43BB-85F9-26B2F331C68C}.Release|Any CPU.ActiveCfg = Release|Any CPU
		{05C49AFF-6F94-43BB-85F9-26B2F331C68C}.Release|Any CPU.Build.0 = Release|Any CPU
		{431C6855-2158-47F3-A399-68BD967EFA67}.Debug|Any CPU.ActiveCfg = Debug|Any CPU
		{431C6855-2158-47F3-A399-68BD967EFA67}.Debug|Any CPU.Build.0 = Debug|Any CPU
		{431C6855-2158-47F3-A399-68BD967EFA67}.Release|Any CPU.ActiveCfg = Release|Any CPU
		{431C6855-2158-47F3-A399-68BD967EFA67}.Release|Any CPU.Build.0 = Release|Any CPU
	EndGlobalSection
	GlobalSection(SolutionProperties) = preSolution
		HideSolutionNode = FALSE
	EndGlobalSection
	GlobalSection(ExtensibilityGlobals) = postSolution
		SolutionGuid = {ACF300EA-E6BC-4D29-9DFD-944A1EA267D4}
	EndGlobalSection
EndGlobal
